{
  "version": 4,
  "terraform_version": "1.13.4",
  "serial": 4,
  "lineage": "e65eea56-52ef-15ef-55fc-9cd3b3bf9aaf",
  "outputs": {},
  "resources": [
    {
      "mode": "managed",
      "type": "aws_instance",
      "name": "flask_vm",
      "provider": "provider[\"registry.terraform.io/hashicorp/aws\"]",
      "instances": [
        {
          "schema_version": 2,
          "attributes": {
            "ami": "ami-087d1c9a513324697",
            "arn": "arn:aws:ec2:ap-south-1:155999377081:instance/i-0521ff0c623c83747",
            "associate_public_ip_address": true,
            "availability_zone": "ap-south-1b",
            "capacity_reservation_specification": [
              {
                "capacity_reservation_preference": "open",
                "capacity_reservation_target": []
              }
            ],
            "cpu_options": [
              {
                "amd_sev_snp": "",
                "core_count": 1,
                "threads_per_core": 2
              }
            ],
            "credit_specification": [
              {
                "cpu_credits": "unlimited"
              }
            ],
            "disable_api_stop": false,
            "disable_api_termination": false,
            "ebs_block_device": [],
            "ebs_optimized": false,
            "enable_primary_ipv6": null,
            "enclave_options": [
              {
                "enabled": false
              }
            ],
            "ephemeral_block_device": [],
            "force_destroy": false,
            "get_password_data": false,
            "hibernation": false,
            "host_id": "",
            "host_resource_group_arn": null,
            "iam_instance_profile": "",
            "id": "i-0521ff0c623c83747",
            "instance_initiated_shutdown_behavior": "stop",
            "instance_lifecycle": "",
            "instance_market_options": [],
            "instance_state": "running",
            "instance_type": "t3.micro",
            "ipv6_address_count": 0,
            "ipv6_addresses": [],
            "key_name": "dev-key",
            "launch_template": [],
            "maintenance_options": [
              {
                "auto_recovery": "default"
              }
            ],
            "metadata_options": [
              {
                "http_endpoint": "enabled",
                "http_protocol_ipv6": "disabled",
                "http_put_response_hop_limit": 1,
                "http_tokens": "optional",
                "instance_metadata_tags": "disabled"
              }
            ],
            "monitoring": false,
            "network_interface": [],
            "outpost_arn": "",
            "password_data": "",
            "placement_group": "",
            "placement_group_id": "",
            "placement_partition_number": 0,
            "primary_network_interface": [
              {
                "delete_on_termination": true,
                "network_interface_id": "eni-034d4900adfc4da11"
              }
            ],
            "primary_network_interface_id": "eni-034d4900adfc4da11",
            "private_dns": "ip-172-31-3-112.ap-south-1.compute.internal",
            "private_dns_name_options": [
              {
                "enable_resource_name_dns_a_record": false,
                "enable_resource_name_dns_aaaa_record": false,
                "hostname_type": "ip-name"
              }
            ],
            "private_ip": "172.31.3.112",
            "public_dns": "ec2-3-110-108-226.ap-south-1.compute.amazonaws.com",
            "public_ip": "3.110.108.226",
            "region": "ap-south-1",
            "root_block_device": [
              {
                "delete_on_termination": true,
                "device_name": "/dev/sda1",
                "encrypted": false,
                "iops": 100,
                "kms_key_id": "",
                "tags": {},
                "tags_all": {},
                "throughput": 0,
                "volume_id": "vol-0b381e2dc56860a00",
                "volume_size": 8,
                "volume_type": "gp2"
              }
            ],
            "secondary_private_ips": [],
            "security_groups": [
              "flask-sg-20251029180648574400000001"
            ],
            "source_dest_check": true,
            "spot_instance_request_id": "",
            "subnet_id": "subnet-07e270e7f7643988a",
            "tags": {
              "Name": "LoanApprovalApp"
            },
            "tags_all": {
              "Name": "LoanApprovalApp"
            },
            "tenancy": "default",
            "timeouts": null,
            "user_data": "#!/bin/bash\r\nsudo apt update -y\r\nsudo apt install python3-pip git -y\r\npip install flask pandas scikit-learn joblib\r\ncd /home/ubuntu\r\ngit clone https://github.com/joefreddiecheeran/loan-approval-project.git\r\ncd loan-approval-project/app\r\npython3 model.py\r\nnohup python3 app.py \u0026\r\n",
            "user_data_base64": null,
            "user_data_replace_on_change": false,
            "volume_tags": null,
            "vpc_security_group_ids": [
              "sg-0382c59407a6aa3ff"
            ]
          },
          "sensitive_attributes": [],
          "identity_schema_version": 0,
          "identity": {
            "account_id": "155999377081",
            "id": "i-0521ff0c623c83747",
            "region": "ap-south-1"
          },
          "private": "eyJlMmJmYjczMC1lY2FhLTExZTYtOGY4OC0zNDM2M2JjN2M0YzAiOnsiY3JlYXRlIjo2MDAwMDAwMDAwMDAsImRlbGV0ZSI6MTIwMDAwMDAwMDAwMCwicmVhZCI6OTAwMDAwMDAwMDAwLCJ1cGRhdGUiOjYwMDAwMDAwMDAwMH0sInNjaGVtYV92ZXJzaW9uIjoiMiJ9",
          "dependencies": [
            "aws_key_pair.dev_key",
            "aws_security_group.flask_sg"
          ]
        }
      ]
    },
    {
      "mode": "managed",
      "type": "aws_key_pair",
      "name": "dev_key",
      "provider": "provider[\"registry.terraform.io/hashicorp/aws\"]",
      "instances": [
        {
          "schema_version": 1,
          "attributes": {
            "arn": "arn:aws:ec2:ap-south-1:155999377081:key-pair/dev-key",
            "fingerprint": "37:c6:ad:7d:74:be:dd:5f:c2:92:91:b9:c4:1e:51:7a",
            "id": "dev-key",
            "key_name": "dev-key",
            "key_name_prefix": "",
            "key_pair_id": "key-0f7524e0661fa7382",
            "key_type": "rsa",
            "public_key": "ssh-rsa AAAAB3NzaC1yc2EAAAADAQABAAACAQCmEGU15YGUSU/EmQ/H9jgySgdPSHGSD3ICXQYfYwhyYVagEOilhyDYSaD5VoN99t+efmOGvyWX2A9uucEbS+jYXuL1EgjGaWFCoR2RuTgJAkdjBvYrU/Ccfzg3Ec0bgXqEhiMUs2Rwq6h3/bz46Q9sLnRU+sT4juHIEkCxKrBNzCdsQFegBAx1Az3tWxam8qr/R4uAv743WdS1N7ILOxpbfS9zqowUy/2YK9bOvDn7gd8AsEcbF8+B2/2LN3+JK1F8CKtDRN8rm//7A6O7/96IxGhswxiuSdQNvu30Ou7coAawsWypFWyue5NmqgbqnlZuJXS552lRcSWcyAs4hsZ3UF2H40PrG3G4R0kBTNelbNEUAuZsPhLSKderAF/V5DtIU0UqyAt0CoJGhyQ4grVGqwPlMvxgCSF0OiKY3ojdOFPdwMFZyZ5h+uQPwEqZR0y8s9VyJBAMLG2Uox9J1rE/kVZhjRzV1lWvjBeyeJku+kG5cQdeGV1fBnlz/dh2/73gjbNdjoD3fPKxXdpZnfHyP3mZs3n3C4nSk18WPeMekUkXDdZcGYsGVPyjawERHeF7anxxoqqPfI8B3jO0pB97SDteoxCZhGLG/FFlLruDXxZLBFpe/Dkxc9vGi+R0IePQ0X1d7VSLw+4P7zxNUK7rnuTV4rLCGtzcbxdk5fXGlQ== joefr@BATLAP",
            "region": "ap-south-1",
            "tags": null,
            "tags_all": {}
          },
          "sensitive_attributes": [],
          "identity_schema_version": 0,
          "private": "eyJzY2hlbWFfdmVyc2lvbiI6IjEifQ=="
        }
      ]
    },
    {
      "mode": "managed",
      "type": "aws_security_group",
      "name": "flask_sg",
      "provider": "provider[\"registry.terraform.io/hashicorp/aws\"]",
      "instances": [
        {
          "schema_version": 1,
          "attributes": {
            "arn": "arn:aws:ec2:ap-south-1:155999377081:security-group/sg-0382c59407a6aa3ff",
            "description": "Managed by Terraform",
            "egress": [
              {
                "cidr_blocks": [
                  "0.0.0.0/0"
                ],
                "description": "",
                "from_port": 0,
                "ipv6_cidr_blocks": [],
                "prefix_list_ids": [],
                "protocol": "-1",
                "security_groups": [],
                "self": false,
                "to_port": 0
              }
            ],
            "id": "sg-0382c59407a6aa3ff",
            "ingress": [
              {
                "cidr_blocks": [
                  "0.0.0.0/0"
                ],
                "description": "",
                "from_port": 22,
                "ipv6_cidr_blocks": [],
                "prefix_list_ids": [],
                "protocol": "tcp",
                "security_groups": [],
                "self": false,
                "to_port": 22
              },
              {
                "cidr_blocks": [
                  "0.0.0.0/0"
                ],
                "description": "",
                "from_port": 5000,
                "ipv6_cidr_blocks": [],
                "prefix_list_ids": [],
                "protocol": "tcp",
                "security_groups": [],
                "self": false,
                "to_port": 5000
              }
            ],
            "name": "flask-sg-20251029180648574400000001",
            "name_prefix": "flask-sg-",
            "owner_id": "155999377081",
            "region": "ap-south-1",
            "revoke_rules_on_delete": false,
            "tags": null,
            "tags_all": {},
            "timeouts": null,
            "vpc_id": "vpc-0f2b1be63a419a4ad"
          },
          "sensitive_attributes": [],
          "identity_schema_version": 0,
          "identity": {
            "account_id": "155999377081",
            "id": "sg-0382c59407a6aa3ff",
            "region": "ap-south-1"
          },
          "private": "eyJlMmJmYjczMC1lY2FhLTExZTYtOGY4OC0zNDM2M2JjN2M0YzAiOnsiY3JlYXRlIjo2MDAwMDAwMDAwMDAsImRlbGV0ZSI6OTAwMDAwMDAwMDAwfSwic2NoZW1hX3ZlcnNpb24iOiIxIn0="
        }
      ]
    }
  ],
  "check_results": null
}
